<?xml version="1.0" encoding="utf-8"?>
<Project ToolsVersion="4.0" xmlns="http://schemas.microsoft.com/developer/msbuild/2003">
  <ItemGroup>
    <Filter Include="ヘッダー ファイル">
      <UniqueIdentifier>{93995380-89BD-4b04-88EB-625FBE52EBFB}</UniqueIdentifier>
      <Extensions>h;hh;hpp;hxx;hm;inl;inc;xsd</Extensions>
    </Filter>
    <Filter Include="リソース ファイル">
      <UniqueIdentifier>{67DA6AB6-F800-4c08-8B7A-83BB121AAD01}</UniqueIdentifier>
      <Extensions>rc;ico;cur;bmp;dlg;rc2;rct;bin;rgs;gif;jpg;jpeg;jpe;resx;tiff;tif;png;wav;mfcribbon-ms</Extensions>
    </Filter>
    <Filter Include="ソース ファイル">
      <UniqueIdentifier>{4FC737F1-C7A5-4376-A066-2A32D752A2FF}</UniqueIdentifier>
      <Extensions>cpp;c;cc;cxx;def;odl;idl;hpj;bat;asm;asmx</Extensions>
    </Filter>
    <Filter Include="ソース ファイル\出現物">
      <UniqueIdentifier>{3c641048-c21c-468f-a81b-e1965dd4033c}</UniqueIdentifier>
    </Filter>
    <Filter Include="ソース ファイル\出現物\障害物">
      <UniqueIdentifier>{14a2b017-e231-4655-b7d6-c2c23d11a35f}</UniqueIdentifier>
    </Filter>
    <Filter Include="ソース ファイル\出現物\障害物\ブロック">
      <UniqueIdentifier>{c1b08bec-2ca5-470b-90d8-70643c9cdcda}</UniqueIdentifier>
    </Filter>
    <Filter Include="ソース ファイル\出現物\Targets">
      <UniqueIdentifier>{1e81c82d-d95a-4377-b824-fd53e10c3d26}</UniqueIdentifier>
    </Filter>
    <Filter Include="ソース ファイル\出現物\Player系">
      <UniqueIdentifier>{6ea70ae6-57dc-4c8d-b7d1-f24b07108403}</UniqueIdentifier>
    </Filter>
    <Filter Include="ソース ファイル\出現物\Stage">
      <UniqueIdentifier>{d3cb4aca-0a0a-40af-a7ff-04c967ca2b17}</UniqueIdentifier>
    </Filter>
    <Filter Include="ソース ファイル\シーン">
      <UniqueIdentifier>{8d261eeb-cbfa-4bbc-8c4b-377d47a86d58}</UniqueIdentifier>
    </Filter>
    <Filter Include="ソース ファイル\エフェクト類">
      <UniqueIdentifier>{244b9d63-4d82-4910-abbf-52c18ac1458f}</UniqueIdentifier>
    </Filter>
    <Filter Include="ソース ファイル\Setting">
      <UniqueIdentifier>{7f690356-9886-4d3a-8177-a92b77f49080}</UniqueIdentifier>
    </Filter>
    <Filter Include="ソース ファイル\Setting\Vector">
      <UniqueIdentifier>{d0bbbd21-ff25-41c1-86f0-7c81f14bbb9f}</UniqueIdentifier>
    </Filter>
    <Filter Include="ソース ファイル\Setting\Task">
      <UniqueIdentifier>{b317b3fc-a204-40a7-8704-a55b316776c5}</UniqueIdentifier>
    </Filter>
    <Filter Include="ソース ファイル\Setting\Material">
      <UniqueIdentifier>{c75ab46f-9bb2-450a-beeb-3e8ab7519de2}</UniqueIdentifier>
    </Filter>
    <Filter Include="ソース ファイル\Setting\Matrix">
      <UniqueIdentifier>{67f160a6-7312-4b41-a929-7ba065b8e9fa}</UniqueIdentifier>
    </Filter>
    <Filter Include="ソース ファイル\Setting\表示系">
      <UniqueIdentifier>{e009f57b-87eb-4ab9-86e7-6e3b89d7041f}</UniqueIdentifier>
    </Filter>
    <Filter Include="ソース ファイル\Setting\Transform">
      <UniqueIdentifier>{61416d37-d638-490e-8818-716745643106}</UniqueIdentifier>
    </Filter>
    <Filter Include="ヘッダー ファイル\出現物">
      <UniqueIdentifier>{6e750fe2-a7d4-4512-8d34-f3d2b13cf560}</UniqueIdentifier>
    </Filter>
    <Filter Include="ヘッダー ファイル\接触判定">
      <UniqueIdentifier>{c5bac1e7-3feb-44db-bc1f-76ae25b15cf4}</UniqueIdentifier>
    </Filter>
    <Filter Include="ソース ファイル\接触判定">
      <UniqueIdentifier>{067279b3-2789-42b0-8d3c-3fc833cc5a82}</UniqueIdentifier>
    </Filter>
    <Filter Include="ヘッダー ファイル\出現物\障害物">
      <UniqueIdentifier>{8af496c1-0252-41f7-a65d-589b56cf7994}</UniqueIdentifier>
    </Filter>
    <Filter Include="ヘッダー ファイル\Setting">
      <UniqueIdentifier>{0c83d4e8-b514-4b87-9a36-5af2b8a67ad9}</UniqueIdentifier>
    </Filter>
    <Filter Include="ヘッダー ファイル\エフェクト類">
      <UniqueIdentifier>{0330321b-9440-4cbb-aad7-47f6d49459e0}</UniqueIdentifier>
    </Filter>
    <Filter Include="ヘッダー ファイル\シーン">
      <UniqueIdentifier>{2562027b-fd74-455d-a22d-e0706c94c2e6}</UniqueIdentifier>
    </Filter>
    <Filter Include="ヘッダー ファイル\Setting\Material">
      <UniqueIdentifier>{4e437732-c23c-483b-8d9c-94294a17acea}</UniqueIdentifier>
    </Filter>
    <Filter Include="ヘッダー ファイル\Setting\Matrix">
      <UniqueIdentifier>{6d7193c2-47a0-4464-8cb1-dffa89802e5e}</UniqueIdentifier>
    </Filter>
    <Filter Include="ヘッダー ファイル\Setting\Task">
      <UniqueIdentifier>{2e1c9431-367b-4ede-a823-ba07a9f59c5c}</UniqueIdentifier>
    </Filter>
    <Filter Include="ヘッダー ファイル\Setting\Transform">
      <UniqueIdentifier>{8e2b826c-aef3-4b88-bed2-336dddd0cc3e}</UniqueIdentifier>
    </Filter>
    <Filter Include="ヘッダー ファイル\Setting\Vector">
      <UniqueIdentifier>{29fab2f3-bb07-409f-84e7-9baa3a0c2b30}</UniqueIdentifier>
    </Filter>
    <Filter Include="ヘッダー ファイル\Setting\表示系">
      <UniqueIdentifier>{8f372417-6706-4ffe-9970-0eea18181c25}</UniqueIdentifier>
    </Filter>
    <Filter Include="ヘッダー ファイル\出現物\stage">
      <UniqueIdentifier>{2cc35be4-a65b-448c-87f4-260bf840034b}</UniqueIdentifier>
    </Filter>
    <Filter Include="ヘッダー ファイル\出現物\Targets">
      <UniqueIdentifier>{d9d6bde0-cbd4-4b4b-a414-eee0c329fff9}</UniqueIdentifier>
    </Filter>
    <Filter Include="ヘッダー ファイル\出現物\Player系">
      <UniqueIdentifier>{312202a6-ca0d-4fc9-846d-93851ccf570e}</UniqueIdentifier>
    </Filter>
    <Filter Include="ヘッダー ファイル\出現物\障害物\ブロック">
      <UniqueIdentifier>{df42740d-c200-49a6-a770-9b84dba53578}</UniqueIdentifier>
    </Filter>
  </ItemGroup>
  <ItemGroup>
    <ClCompile Include="Update.cpp">
      <Filter>ソース ファイル</Filter>
    </ClCompile>
    <ClCompile Include="CCollider.cpp">
      <Filter>ソース ファイル\接触判定</Filter>
    </ClCompile>
    <ClCompile Include="CColliderTriangle.cpp">
      <Filter>ソース ファイル\接触判定</Filter>
    </ClCompile>
    <ClCompile Include="CCollisionManager.cpp">
      <Filter>ソース ファイル\接触判定</Filter>
    </ClCompile>
    <ClCompile Include="CCharacter.cpp">
      <Filter>ソース ファイル\出現物</Filter>
    </ClCompile>
    <ClCompile Include="CSceneGame.cpp">
      <Filter>ソース ファイル\シーン</Filter>
    </ClCompile>
    <ClCompile Include="CSceneManager.cpp">
      <Filter>ソース ファイル\シーン</Filter>
    </ClCompile>
    <ClCompile Include="CEffect.cpp">
      <Filter>ソース ファイル\エフェクト類</Filter>
    </ClCompile>
    <ClCompile Include="CBillBoard.cpp">
      <Filter>ソース ファイル\出現物</Filter>
    </ClCompile>
    <ClCompile Include="CSound.cpp">
      <Filter>ソース ファイル\エフェクト類</Filter>
    </ClCompile>
    <ClCompile Include="CColliderLine.cpp">
      <Filter>ソース ファイル\接触判定</Filter>
    </ClCompile>
    <ClCompile Include="CColliderMesh.cpp">
      <Filter>ソース ファイル\接触判定</Filter>
    </ClCompile>
    <ClCompile Include="main.cpp">
      <Filter>ソース ファイル</Filter>
    </ClCompile>
    <ClCompile Include="CSphere.cpp">
      <Filter>ソース ファイル\出現物\障害物</Filter>
    </ClCompile>
    <ClCompile Include="CVector.cpp">
      <Filter>ソース ファイル\Setting\Vector</Filter>
    </ClCompile>
    <ClCompile Include="CMatrix.cpp">
      <Filter>ソース ファイル\Setting\Matrix</Filter>
    </ClCompile>
    <ClCompile Include="CTaskManager.cpp">
      <Filter>ソース ファイル\Setting\Task</Filter>
    </ClCompile>
    <ClCompile Include="CMaterial.cpp">
      <Filter>ソース ファイル\Setting\Material</Filter>
    </ClCompile>
    <ClCompile Include="CModel.cpp">
      <Filter>ソース ファイル\Setting\表示系</Filter>
    </ClCompile>
    <ClCompile Include="CText.cpp">
      <Filter>ソース ファイル\Setting\表示系</Filter>
    </ClCompile>
    <ClCompile Include="CTexture.cpp">
      <Filter>ソース ファイル\Setting\表示系</Filter>
    </ClCompile>
    <ClCompile Include="CTriangle.cpp">
      <Filter>ソース ファイル\Setting\表示系</Filter>
    </ClCompile>
    <ClCompile Include="CTransform.cpp">
      <Filter>ソース ファイル\Setting\Transform</Filter>
    </ClCompile>
    <ClCompile Include="CCamera.cpp">
      <Filter>ソース ファイル\Setting</Filter>
    </ClCompile>
    <ClCompile Include="CInput.cpp">
      <Filter>ソース ファイル\Setting</Filter>
    </ClCompile>
    <ClCompile Include="CUtil.cpp">
      <Filter>ソース ファイル\Setting</Filter>
    </ClCompile>
    <ClCompile Include="CTarget.cpp">
      <Filter>ソース ファイル\出現物\Targets</Filter>
    </ClCompile>
    <ClCompile Include="CTargetUD.cpp">
      <Filter>ソース ファイル\出現物\Targets</Filter>
    </ClCompile>
    <ClCompile Include="CTargetRL.cpp">
      <Filter>ソース ファイル\出現物\Targets</Filter>
    </ClCompile>
    <ClCompile Include="CTargetTouch.cpp">
      <Filter>ソース ファイル\出現物\Targets</Filter>
    </ClCompile>
    <ClCompile Include="CBlock.cpp">
      <Filter>ソース ファイル\出現物\障害物\ブロック</Filter>
    </ClCompile>
    <ClCompile Include="CPlayer.cpp">
      <Filter>ソース ファイル\出現物\Player系</Filter>
    </ClCompile>
    <ClCompile Include="CBullet.cpp">
      <Filter>ソース ファイル\出現物\Player系</Filter>
    </ClCompile>
    <ClCompile Include="CGoal.cpp">
      <Filter>ソース ファイル\出現物\Stage</Filter>
    </ClCompile>
    <ClCompile Include="CAim.cpp">
      <Filter>ソース ファイル\出現物\Player系</Filter>
    </ClCompile>
    <ClCompile Include="CKey.cpp">
      <Filter>ソース ファイル\Setting</Filter>
    </ClCompile>
    <ClCompile Include="CDamageBlock.cpp">
      <Filter>ソース ファイル\出現物\障害物\ブロック</Filter>
    </ClCompile>
    <ClCompile Include="CMoveBlock.cpp">
      <Filter>ソース ファイル\出現物\障害物\ブロック</Filter>
    </ClCompile>
  </ItemGroup>
  <ItemGroup>
    <ClInclude Include="CCharacter.h">
      <Filter>ヘッダー ファイル\出現物</Filter>
    </ClInclude>
    <ClInclude Include="CCollider.h">
      <Filter>ヘッダー ファイル\接触判定</Filter>
    </ClInclude>
    <ClInclude Include="CColliderLine.h">
      <Filter>ヘッダー ファイル\接触判定</Filter>
    </ClInclude>
    <ClInclude Include="CColliderMesh.h">
      <Filter>ヘッダー ファイル\接触判定</Filter>
    </ClInclude>
    <ClInclude Include="CColliderTriangle.h">
      <Filter>ヘッダー ファイル\接触判定</Filter>
    </ClInclude>
    <ClInclude Include="CCollisionManager.h">
      <Filter>ヘッダー ファイル\接触判定</Filter>
    </ClInclude>
    <ClInclude Include="CSphere.h">
      <Filter>ヘッダー ファイル\出現物\障害物</Filter>
    </ClInclude>
    <ClInclude Include="CBullet.h">
      <Filter>ヘッダー ファイル\出現物\Player系</Filter>
    </ClInclude>
    <ClInclude Include="CPlayer.h">
      <Filter>ヘッダー ファイル\出現物\Player系</Filter>
    </ClInclude>
    <ClInclude Include="CAim.h">
      <Filter>ヘッダー ファイル\出現物\Player系</Filter>
    </ClInclude>
    <ClInclude Include="CEffect.h">
      <Filter>ヘッダー ファイル\エフェクト類</Filter>
    </ClInclude>
    <ClInclude Include="CSound.h">
      <Filter>ヘッダー ファイル\エフェクト類</Filter>
    </ClInclude>
    <ClInclude Include="CSceneManager.h">
      <Filter>ヘッダー ファイル\シーン</Filter>
    </ClInclude>
    <ClInclude Include="CSceneGame.h">
      <Filter>ヘッダー ファイル\シーン</Filter>
    </ClInclude>
    <ClInclude Include="CInput.h">
      <Filter>ヘッダー ファイル\Setting</Filter>
    </ClInclude>
    <ClInclude Include="CUtil.h">
      <Filter>ヘッダー ファイル\Setting</Filter>
    </ClInclude>
    <ClInclude Include="CMaterial.h">
      <Filter>ヘッダー ファイル\Setting\Material</Filter>
    </ClInclude>
    <ClInclude Include="CMatrix.h">
      <Filter>ヘッダー ファイル\Setting\Matrix</Filter>
    </ClInclude>
    <ClInclude Include="CKey.h">
      <Filter>ヘッダー ファイル\Setting</Filter>
    </ClInclude>
    <ClInclude Include="CTransform.h">
      <Filter>ヘッダー ファイル\Setting\Transform</Filter>
    </ClInclude>
    <ClInclude Include="Update.h">
      <Filter>ヘッダー ファイル</Filter>
    </ClInclude>
    <ClInclude Include="CCamera.h">
      <Filter>ヘッダー ファイル\Setting</Filter>
    </ClInclude>
    <ClInclude Include="CModel.h">
      <Filter>ヘッダー ファイル\Setting\表示系</Filter>
    </ClInclude>
    <ClInclude Include="CText.h">
      <Filter>ヘッダー ファイル\Setting\表示系</Filter>
    </ClInclude>
    <ClInclude Include="CTexture.h">
      <Filter>ヘッダー ファイル\Setting\表示系</Filter>
    </ClInclude>
    <ClInclude Include="CTriangle.h">
      <Filter>ヘッダー ファイル\Setting\表示系</Filter>
    </ClInclude>
    <ClInclude Include="CVector.h">
      <Filter>ヘッダー ファイル\Setting\Vector</Filter>
    </ClInclude>
    <ClInclude Include="CTask.h">
      <Filter>ヘッダー ファイル\Setting\Task</Filter>
    </ClInclude>
    <ClInclude Include="CTaskManager.h">
      <Filter>ヘッダー ファイル\Setting\Task</Filter>
    </ClInclude>
    <ClInclude Include="CScene.h">
      <Filter>ヘッダー ファイル\シーン</Filter>
    </ClInclude>
    <ClInclude Include="CBillBoard.h">
      <Filter>ヘッダー ファイル\出現物</Filter>
    </ClInclude>
    <ClInclude Include="CGoal.h">
      <Filter>ヘッダー ファイル\出現物\stage</Filter>
    </ClInclude>
    <ClInclude Include="CTarget.h">
      <Filter>ヘッダー ファイル\出現物\Targets</Filter>
    </ClInclude>
    <ClInclude Include="CTargetRL.h">
      <Filter>ヘッダー ファイル\出現物\Targets</Filter>
    </ClInclude>
    <ClInclude Include="CTargetTouch.h">
      <Filter>ヘッダー ファイル\出現物\Targets</Filter>
    </ClInclude>
    <ClInclude Include="CTargetUD.h">
      <Filter>ヘッダー ファイル\出現物\Targets</Filter>
    </ClInclude>
    <ClInclude Include="CBlock.h">
      <Filter>ヘッダー ファイル\出現物\障害物\ブロック</Filter>
    </ClInclude>
    <ClInclude Include="CDamageBlock.h">
      <Filter>ヘッダー ファイル\出現物\障害物\ブロック</Filter>
    </ClInclude>
    <ClInclude Include="CMoveBlock.h">
      <Filter>ヘッダー ファイル\出現物\障害物\ブロック</Filter>
    </ClInclude>
  </ItemGroup>
</Project>